
Microsoft Visual Studio Solution File, Format Version 12.00
# Visual Studio Version 17
VisualStudioVersion = 17.5.002.0
MinimumVisualStudioVersion = 10.0.40219.1
Project("{9A19103F-16F7-4668-BE54-9A1E7A4F7556}") = "min-max", "min-max.csproj", "{FECE9D2B-5BA9-459B-B5C0-220B93FD8537}"
EndProject
Global
	GlobalSection(SolutionConfigurationPlatforms) = preSolution
		Debug|Any CPU = Debug|Any CPU
		Release|Any CPU = Release|Any CPU
	EndGlobalSection
	GlobalSection(ProjectConfigurationPlatforms) = postSolution
		{FECE9D2B-5BA9-459B-B5C0-220B93FD8537}.Debug|Any CPU.ActiveCfg = Debug|Any CPU
		{FECE9D2B-5BA9-459B-B5C0-220B93FD8537}.Debug|Any CPU.Build.0 = Debug|Any CPU
		{FECE9D2B-5BA9-459B-B5C0-220B93FD8537}.Release|Any CPU.ActiveCfg = Release|Any CPU
		{FECE9D2B-5BA9-459B-B5C0-220B93FD8537}.Release|Any CPU.Build.0 = Release|Any CPU
	EndGlobalSection
	GlobalSection(SolutionProperties) = preSolution
		HideSolutionNode = FALSE
	EndGlobalSection
	GlobalSection(ExtensibilityGlobals) = postSolution
		SolutionGuid = {A12C60B3-1BBC-4C72-9688-6649B46C25C2}
	EndGlobalSection
EndGlobal
