
Microsoft Visual Studio Solution File, Format Version 12.00
# Visual Studio Version 17
VisualStudioVersion = 17.5.002.0
MinimumVisualStudioVersion = 10.0.40219.1
Project("{9A19103F-16F7-4668-BE54-9A1E7A4F7556}") = "deboggeur", "deboggeur.csproj", "{6C927BEE-629D-4D5A-9A7B-B8A15EC4AA23}"
EndProject
Global
	GlobalSection(SolutionConfigurationPlatforms) = preSolution
		Debug|Any CPU = Debug|Any CPU
		Release|Any CPU = Release|Any CPU
	EndGlobalSection
	GlobalSection(ProjectConfigurationPlatforms) = postSolution
		{6C927BEE-629D-4D5A-9A7B-B8A15EC4AA23}.Debug|Any CPU.ActiveCfg = Debug|Any CPU
		{6C927BEE-629D-4D5A-9A7B-B8A15EC4AA23}.Debug|Any CPU.Build.0 = Debug|Any CPU
		{6C927BEE-629D-4D5A-9A7B-B8A15EC4AA23}.Release|Any CPU.ActiveCfg = Release|Any CPU
		{6C927BEE-629D-4D5A-9A7B-B8A15EC4AA23}.Release|Any CPU.Build.0 = Release|Any CPU
	EndGlobalSection
	GlobalSection(SolutionProperties) = preSolution
		HideSolutionNode = FALSE
	EndGlobalSection
	GlobalSection(ExtensibilityGlobals) = postSolution
		SolutionGuid = {855F5679-40A1-44BC-93D9-B8224FDD0BB3}
	EndGlobalSection
EndGlobal
