
Microsoft Visual Studio Solution File, Format Version 12.00
# Visual Studio Version 17
VisualStudioVersion = 17.5.002.0
MinimumVisualStudioVersion = 10.0.40219.1
Project("{2150E333-8FDC-42A3-9474-1A3956D46DE8}") = "cours-4", "cours-4", "{05DEDFD6-5307-4DAB-83DB-F5574228DE48}"
EndProject
Project("{9A19103F-16F7-4668-BE54-9A1E7A4F7556}") = "deboggeur", "cours-4\deboggeur\deboggeur.csproj", "{AFF44CB3-165F-467E-8565-C6CB159964A4}"
EndProject
Global
	GlobalSection(SolutionConfigurationPlatforms) = preSolution
		Debug|Any CPU = Debug|Any CPU
		Release|Any CPU = Release|Any CPU
	EndGlobalSection
	GlobalSection(ProjectConfigurationPlatforms) = postSolution
		{AFF44CB3-165F-467E-8565-C6CB159964A4}.Debug|Any CPU.ActiveCfg = Debug|Any CPU
		{AFF44CB3-165F-467E-8565-C6CB159964A4}.Debug|Any CPU.Build.0 = Debug|Any CPU
		{AFF44CB3-165F-467E-8565-C6CB159964A4}.Release|Any CPU.ActiveCfg = Release|Any CPU
		{AFF44CB3-165F-467E-8565-C6CB159964A4}.Release|Any CPU.Build.0 = Release|Any CPU
	EndGlobalSection
	GlobalSection(SolutionProperties) = preSolution
		HideSolutionNode = FALSE
	EndGlobalSection
	GlobalSection(NestedProjects) = preSolution
		{AFF44CB3-165F-467E-8565-C6CB159964A4} = {05DEDFD6-5307-4DAB-83DB-F5574228DE48}
	EndGlobalSection
	GlobalSection(ExtensibilityGlobals) = postSolution
		SolutionGuid = {855F5679-40A1-44BC-93D9-B8224FDD0BB3}
	EndGlobalSection
EndGlobal
